// !$*UTF8*$!
{
	archiveVersion = 1;
	classes = {
	};
	objectVersion = 46;
	objects = {

/* Begin PBXBuildFile section */
		6D5DF55FAB563D784EDC08DE /* Pods_RBSAdmin.framework in Frameworks */ = {isa = PBXBuildFile; fileRef = B2CD6DC551EC2D65435E1BDD /* Pods_RBSAdmin.framework */; };
		F93B80551CE0CB5400EE0B77 /* Info.plist in Resources */ = {isa = PBXBuildFile; fileRef = F93B80541CE0CB5400EE0B77 /* Info.plist */; };
		F98ABDEB1C9F864B0014E903 /* RBSAdminTests.m in Sources */ = {isa = PBXBuildFile; fileRef = F98ABDEA1C9F864B0014E903 /* RBSAdminTests.m */; };
		F98ABDF61C9F864B0014E903 /* RBSAdminUITests.m in Sources */ = {isa = PBXBuildFile; fileRef = F98ABDF51C9F864B0014E903 /* RBSAdminUITests.m */; };
		F9F470451CE0CA5D00BA613F /* APIManager.m in Sources */ = {isa = PBXBuildFile; fileRef = F9F46FBF1CE0CA5D00BA613F /* APIManager.m */; };
		F9F470461CE0CA5D00BA613F /* HttpPackage.m in Sources */ = {isa = PBXBuildFile; fileRef = F9F46FC21CE0CA5D00BA613F /* HttpPackage.m */; };
		F9F470471CE0CA5D00BA613F /* URLManager.m in Sources */ = {isa = PBXBuildFile; fileRef = F9F46FC51CE0CA5D00BA613F /* URLManager.m */; };
		F9F470481CE0CA5D00BA613F /* AppDelegate.m in Sources */ = {isa = PBXBuildFile; fileRef = F9F46FC81CE0CA5D00BA613F /* AppDelegate.m */; };
		F9F470491CE0CA5D00BA613F /* LaunchScreen.xib in Resources */ = {isa = PBXBuildFile; fileRef = F9F46FCB1CE0CA5D00BA613F /* LaunchScreen.xib */; };
		F9F4704A1CE0CA5D00BA613F /* Login.storyboard in Resources */ = {isa = PBXBuildFile; fileRef = F9F46FCD1CE0CA5D00BA613F /* Login.storyboard */; };
		F9F4704B1CE0CA5D00BA613F /* LoginViewController.m in Sources */ = {isa = PBXBuildFile; fileRef = F9F46FCF1CE0CA5D00BA613F /* LoginViewController.m */; };
		F9F4704C1CE0CA5D00BA613F /* Booking.storyboard in Resources */ = {isa = PBXBuildFile; fileRef = F9F46FD21CE0CA5D00BA613F /* Booking.storyboard */; };
		F9F4704D1CE0CA5D00BA613F /* BookingListViewController.m in Sources */ = {isa = PBXBuildFile; fileRef = F9F46FD41CE0CA5D00BA613F /* BookingListViewController.m */; };
		F9F4704E1CE0CA5D00BA613F /* MainController.m in Sources */ = {isa = PBXBuildFile; fileRef = F9F46FD71CE0CA5D00BA613F /* MainController.m */; };
		F9F4704F1CE0CA5D00BA613F /* Me.storyboard in Resources */ = {isa = PBXBuildFile; fileRef = F9F46FD91CE0CA5D00BA613F /* Me.storyboard */; };
		F9F470501CE0CA5D00BA613F /* MeViewController.m in Sources */ = {isa = PBXBuildFile; fileRef = F9F46FDB1CE0CA5D00BA613F /* MeViewController.m */; };
		F9F470511CE0CA5D00BA613F /* RoomListViewController.m in Sources */ = {isa = PBXBuildFile; fileRef = F9F46FDF1CE0CA5D00BA613F /* RoomListViewController.m */; };
		F9F470521CE0CA5D00BA613F /* Room.storyboard in Resources */ = {isa = PBXBuildFile; fileRef = F9F46FE01CE0CA5D00BA613F /* Room.storyboard */; };
		F9F470531CE0CA5D00BA613F /* RoomScreenViewController.m in Sources */ = {isa = PBXBuildFile; fileRef = F9F46FE31CE0CA5D00BA613F /* RoomScreenViewController.m */; };
		F9F470541CE0CA5D00BA613F /* RoomSearchViewController.m in Sources */ = {isa = PBXBuildFile; fileRef = F9F46FE61CE0CA5D00BA613F /* RoomSearchViewController.m */; };
		F9F470551CE0CA5D00BA613F /* AddTimeIntervalViewController.m in Sources */ = {isa = PBXBuildFile; fileRef = F9F46FE91CE0CA5D00BA613F /* AddTimeIntervalViewController.m */; };
		F9F470561CE0CA5D00BA613F /* Faculty.m in Sources */ = {isa = PBXBuildFile; fileRef = F9F46FEC1CE0CA5D00BA613F /* Faculty.m */; };
		F9F470571CE0CA5D00BA613F /* Room.m in Sources */ = {isa = PBXBuildFile; fileRef = F9F46FEF1CE0CA5D00BA613F /* Room.m */; };
		F9F470581CE0CA5D00BA613F /* RoomScreen.m in Sources */ = {isa = PBXBuildFile; fileRef = F9F46FF11CE0CA5D00BA613F /* RoomScreen.m */; };
		F9F470591CE0CA5D00BA613F /* Student.m in Sources */ = {isa = PBXBuildFile; fileRef = F9F46FF31CE0CA5D00BA613F /* Student.m */; };
		F9F4705A1CE0CA5D00BA613F /* TimeInterval.m in Sources */ = {isa = PBXBuildFile; fileRef = F9F46FF51CE0CA5D00BA613F /* TimeInterval.m */; };
		F9F4705B1CE0CA5D00BA613F /* AppTools.m in Sources */ = {isa = PBXBuildFile; fileRef = F9F46FF91CE0CA5D00BA613F /* AppTools.m */; };
		F9F4705C1CE0CA5D00BA613F /* NSDate+Timestamp.m in Sources */ = {isa = PBXBuildFile; fileRef = F9F46FFC1CE0CA5D00BA613F /* NSDate+Timestamp.m */; };
		F9F4705D1CE0CA5D00BA613F /* NSString+Digest.m in Sources */ = {isa = PBXBuildFile; fileRef = F9F46FFE1CE0CA5D00BA613F /* NSString+Digest.m */; };
		F9F4705E1CE0CA5D00BA613F /* UIColor+Util.m in Sources */ = {isa = PBXBuildFile; fileRef = F9F470001CE0CA5D00BA613F /* UIColor+Util.m */; };
		F9F4705F1CE0CA5D00BA613F /* UINavigationBar+Shadow.m in Sources */ = {isa = PBXBuildFile; fileRef = F9F470021CE0CA5D00BA613F /* UINavigationBar+Shadow.m */; };
		F9F470601CE0CA5D00BA613F /* DDLog.m in Sources */ = {isa = PBXBuildFile; fileRef = F9F470051CE0CA5D00BA613F /* DDLog.m */; };
		F9F470611CE0CA5D00BA613F /* GlobalConstants.m in Sources */ = {isa = PBXBuildFile; fileRef = F9F470081CE0CA5D00BA613F /* GlobalConstants.m */; };
		F9F470621CE0CA5D00BA613F /* UIHelper.m in Sources */ = {isa = PBXBuildFile; fileRef = F9F4700D1CE0CA5D00BA613F /* UIHelper.m */; };
		F9F470631CE0CA5D00BA613F /* UserManager.m in Sources */ = {isa = PBXBuildFile; fileRef = F9F470101CE0CA5D00BA613F /* UserManager.m */; };
		F9F470641CE0CA5D00BA613F /* CAAnimation+Blocks.m in Sources */ = {isa = PBXBuildFile; fileRef = F9F470151CE0CA5D00BA613F /* CAAnimation+Blocks.m */; };
		F9F470651CE0CA5D00BA613F /* CustomizeNavigationController.m in Sources */ = {isa = PBXBuildFile; fileRef = F9F470181CE0CA5D00BA613F /* CustomizeNavigationController.m */; };
		F9F470661CE0CA5D00BA613F /* LanguageManager.m in Sources */ = {isa = PBXBuildFile; fileRef = F9F4701B1CE0CA5D00BA613F /* LanguageManager.m */; };
		F9F470671CE0CA5D00BA613F /* SimpleHttp.m in Sources */ = {isa = PBXBuildFile; fileRef = F9F4701E1CE0CA5D00BA613F /* SimpleHttp.m */; };
		F9F470681CE0CA5D00BA613F /* SSTouchEventController.m in Sources */ = {isa = PBXBuildFile; fileRef = F9F470231CE0CA5D00BA613F /* SSTouchEventController.m */; };
		F9F470691CE0CA5D00BA613F /* SSTouchImageView.m in Sources */ = {isa = PBXBuildFile; fileRef = F9F470251CE0CA5D00BA613F /* SSTouchImageView.m */; };
		F9F4706A1CE0CA5D00BA613F /* SSTouchLabel.m in Sources */ = {isa = PBXBuildFile; fileRef = F9F470271CE0CA5D00BA613F /* SSTouchLabel.m */; };
		F9F4706B1CE0CA5D00BA613F /* FAImageView.m in Sources */ = {isa = PBXBuildFile; fileRef = F9F4702B1CE0CA5D00BA613F /* FAImageView.m */; };
		F9F4706C1CE0CA5D00BA613F /* FontAwesome.ttf in Resources */ = {isa = PBXBuildFile; fileRef = F9F4702C1CE0CA5D00BA613F /* FontAwesome.ttf */; };
		F9F4706D1CE0CA5D00BA613F /* NSString+FontAwesome.m in Sources */ = {isa = PBXBuildFile; fileRef = F9F4702E1CE0CA5D00BA613F /* NSString+FontAwesome.m */; };
		F9F4706E1CE0CA5D00BA613F /* UIFont+FontAwesome.m in Sources */ = {isa = PBXBuildFile; fileRef = F9F470301CE0CA5D00BA613F /* UIFont+FontAwesome.m */; };
		F9F4706F1CE0CA5D00BA613F /* MozTopAlertView.m in Sources */ = {isa = PBXBuildFile; fileRef = F9F470321CE0CA5D00BA613F /* MozTopAlertView.m */; };
		F9F470701CE0CA5D00BA613F /* NSString+YYAdd.m in Sources */ = {isa = PBXBuildFile; fileRef = F9F470361CE0CA5D00BA613F /* NSString+YYAdd.m */; };
		F9F470711CE0CA5D00BA613F /* UIImage+YYWebImage.m in Sources */ = {isa = PBXBuildFile; fileRef = F9F470381CE0CA5D00BA613F /* UIImage+YYWebImage.m */; };
		F9F470721CE0CA5D00BA613F /* UIView+YYAdd.m in Sources */ = {isa = PBXBuildFile; fileRef = F9F4703A1CE0CA5D00BA613F /* UIView+YYAdd.m */; };
		F9F470731CE0CA5D00BA613F /* CheckableCell.m in Sources */ = {isa = PBXBuildFile; fileRef = F9F4703F1CE0CA5D00BA613F /* CheckableCell.m */; };
		F9F470741CE0CA5D00BA613F /* CheckableCell.xib in Resources */ = {isa = PBXBuildFile; fileRef = F9F470401CE0CA5D00BA613F /* CheckableCell.xib */; };
		F9F470751CE0CA5D00BA613F /* RoomListCell.m in Sources */ = {isa = PBXBuildFile; fileRef = F9F470431CE0CA5D00BA613F /* RoomListCell.m */; };
		F9F470761CE0CA5D00BA613F /* RoomListCell.xib in Resources */ = {isa = PBXBuildFile; fileRef = F9F470441CE0CA5D00BA613F /* RoomListCell.xib */; };
		F9F4707B1CE0CA8A00BA613F /* Assets.xcassets in Resources */ = {isa = PBXBuildFile; fileRef = F9F470781CE0CA8A00BA613F /* Assets.xcassets */; };
		F9F4707D1CE0CA8A00BA613F /* main.m in Sources */ = {isa = PBXBuildFile; fileRef = F9F4707A1CE0CA8A00BA613F /* main.m */; };
/* End PBXBuildFile section */

/* Begin PBXContainerItemProxy section */
		F98ABDE71C9F864B0014E903 /* PBXContainerItemProxy */ = {
			isa = PBXContainerItemProxy;
			containerPortal = F98ABDC51C9F864A0014E903 /* Project object */;
			proxyType = 1;
			remoteGlobalIDString = F98ABDCC1C9F864A0014E903;
			remoteInfo = RBSAdmin;
		};
		F98ABDF21C9F864B0014E903 /* PBXContainerItemProxy */ = {
			isa = PBXContainerItemProxy;
			containerPortal = F98ABDC51C9F864A0014E903 /* Project object */;
			proxyType = 1;
			remoteGlobalIDString = F98ABDCC1C9F864A0014E903;
			remoteInfo = RBSAdmin;
		};
/* End PBXContainerItemProxy section */

/* Begin PBXFileReference section */
		9BE6B885F7E7A6640DF13615 /* Pods-RBSAdmin.release.xcconfig */ = {isa = PBXFileReference; includeInIndex = 1; lastKnownFileType = text.xcconfig; name = "Pods-RBSAdmin.release.xcconfig"; path = "../Pods/Target Support Files/Pods-RBSAdmin/Pods-RBSAdmin.release.xcconfig"; sourceTree = "<group>"; };
		9C7B02AC36A5721E71CF1C65 /* Pods-RBSAdmin.debug.xcconfig */ = {isa = PBXFileReference; includeInIndex = 1; lastKnownFileType = text.xcconfig; name = "Pods-RBSAdmin.debug.xcconfig"; path = "../Pods/Target Support Files/Pods-RBSAdmin/Pods-RBSAdmin.debug.xcconfig"; sourceTree = "<group>"; };
		B2CD6DC551EC2D65435E1BDD /* Pods_RBSAdmin.framework */ = {isa = PBXFileReference; explicitFileType = wrapper.framework; includeInIndex = 0; path = Pods_RBSAdmin.framework; sourceTree = BUILT_PRODUCTS_DIR; };
		F93B80541CE0CB5400EE0B77 /* Info.plist */ = {isa = PBXFileReference; fileEncoding = 4; lastKnownFileType = text.plist.xml; path = Info.plist; sourceTree = "<group>"; };
		F98ABDCD1C9F864A0014E903 /* RBSAdmin.app */ = {isa = PBXFileReference; explicitFileType = wrapper.application; includeInIndex = 0; path = RBSAdmin.app; sourceTree = BUILT_PRODUCTS_DIR; };
		F98ABDE61C9F864B0014E903 /* RBSAdminTests.xctest */ = {isa = PBXFileReference; explicitFileType = wrapper.cfbundle; includeInIndex = 0; path = RBSAdminTests.xctest; sourceTree = BUILT_PRODUCTS_DIR; };
		F98ABDEA1C9F864B0014E903 /* RBSAdminTests.m */ = {isa = PBXFileReference; lastKnownFileType = sourcecode.c.objc; path = RBSAdminTests.m; sourceTree = "<group>"; };
		F98ABDEC1C9F864B0014E903 /* Info.plist */ = {isa = PBXFileReference; lastKnownFileType = text.plist.xml; path = Info.plist; sourceTree = "<group>"; };
		F98ABDF11C9F864B0014E903 /* RBSAdminUITests.xctest */ = {isa = PBXFileReference; explicitFileType = wrapper.cfbundle; includeInIndex = 0; path = RBSAdminUITests.xctest; sourceTree = BUILT_PRODUCTS_DIR; };
		F98ABDF51C9F864B0014E903 /* RBSAdminUITests.m */ = {isa = PBXFileReference; lastKnownFileType = sourcecode.c.objc; path = RBSAdminUITests.m; sourceTree = "<group>"; };
		F98ABDF71C9F864B0014E903 /* Info.plist */ = {isa = PBXFileReference; lastKnownFileType = text.plist.xml; path = Info.plist; sourceTree = "<group>"; };
		F9F46FBE1CE0CA5D00BA613F /* APIManager.h */ = {isa = PBXFileReference; fileEncoding = 4; lastKnownFileType = sourcecode.c.h; path = APIManager.h; sourceTree = "<group>"; };
		F9F46FBF1CE0CA5D00BA613F /* APIManager.m */ = {isa = PBXFileReference; fileEncoding = 4; lastKnownFileType = sourcecode.c.objc; path = APIManager.m; sourceTree = "<group>"; };
		F9F46FC11CE0CA5D00BA613F /* HttpPackage.h */ = {isa = PBXFileReference; fileEncoding = 4; lastKnownFileType = sourcecode.c.h; path = HttpPackage.h; sourceTree = "<group>"; };
		F9F46FC21CE0CA5D00BA613F /* HttpPackage.m */ = {isa = PBXFileReference; fileEncoding = 4; lastKnownFileType = sourcecode.c.objc; path = HttpPackage.m; sourceTree = "<group>"; };
		F9F46FC41CE0CA5D00BA613F /* URLManager.h */ = {isa = PBXFileReference; fileEncoding = 4; lastKnownFileType = sourcecode.c.h; path = URLManager.h; sourceTree = "<group>"; };
		F9F46FC51CE0CA5D00BA613F /* URLManager.m */ = {isa = PBXFileReference; fileEncoding = 4; lastKnownFileType = sourcecode.c.objc; path = URLManager.m; sourceTree = "<group>"; };
		F9F46FC71CE0CA5D00BA613F /* AppDelegate.h */ = {isa = PBXFileReference; fileEncoding = 4; lastKnownFileType = sourcecode.c.h; path = AppDelegate.h; sourceTree = "<group>"; };
		F9F46FC81CE0CA5D00BA613F /* AppDelegate.m */ = {isa = PBXFileReference; fileEncoding = 4; lastKnownFileType = sourcecode.c.objc; path = AppDelegate.m; sourceTree = "<group>"; };
		F9F46FCB1CE0CA5D00BA613F /* LaunchScreen.xib */ = {isa = PBXFileReference; fileEncoding = 4; lastKnownFileType = file.xib; path = LaunchScreen.xib; sourceTree = "<group>"; };
		F9F46FCD1CE0CA5D00BA613F /* Login.storyboard */ = {isa = PBXFileReference; fileEncoding = 4; lastKnownFileType = file.storyboard; path = Login.storyboard; sourceTree = "<group>"; };
		F9F46FCE1CE0CA5D00BA613F /* LoginViewController.h */ = {isa = PBXFileReference; fileEncoding = 4; lastKnownFileType = sourcecode.c.h; path = LoginViewController.h; sourceTree = "<group>"; };
		F9F46FCF1CE0CA5D00BA613F /* LoginViewController.m */ = {isa = PBXFileReference; fileEncoding = 4; lastKnownFileType = sourcecode.c.objc; path = LoginViewController.m; sourceTree = "<group>"; };
		F9F46FD21CE0CA5D00BA613F /* Booking.storyboard */ = {isa = PBXFileReference; fileEncoding = 4; lastKnownFileType = file.storyboard; path = Booking.storyboard; sourceTree = "<group>"; };
		F9F46FD31CE0CA5D00BA613F /* BookingListViewController.h */ = {isa = PBXFileReference; fileEncoding = 4; lastKnownFileType = sourcecode.c.h; path = BookingListViewController.h; sourceTree = "<group>"; };
		F9F46FD41CE0CA5D00BA613F /* BookingListViewController.m */ = {isa = PBXFileReference; fileEncoding = 4; lastKnownFileType = sourcecode.c.objc; path = BookingListViewController.m; sourceTree = "<group>"; };
		F9F46FD61CE0CA5D00BA613F /* MainController.h */ = {isa = PBXFileReference; fileEncoding = 4; lastKnownFileType = sourcecode.c.h; path = MainController.h; sourceTree = "<group>"; };
		F9F46FD71CE0CA5D00BA613F /* MainController.m */ = {isa = PBXFileReference; fileEncoding = 4; lastKnownFileType = sourcecode.c.objc; path = MainController.m; sourceTree = "<group>"; };
		F9F46FD91CE0CA5D00BA613F /* Me.storyboard */ = {isa = PBXFileReference; fileEncoding = 4; lastKnownFileType = file.storyboard; path = Me.storyboard; sourceTree = "<group>"; };
		F9F46FDA1CE0CA5D00BA613F /* MeViewController.h */ = {isa = PBXFileReference; fileEncoding = 4; lastKnownFileType = sourcecode.c.h; path = MeViewController.h; sourceTree = "<group>"; };
		F9F46FDB1CE0CA5D00BA613F /* MeViewController.m */ = {isa = PBXFileReference; fileEncoding = 4; lastKnownFileType = sourcecode.c.objc; path = MeViewController.m; sourceTree = "<group>"; };
		F9F46FDE1CE0CA5D00BA613F /* RoomListViewController.h */ = {isa = PBXFileReference; fileEncoding = 4; lastKnownFileType = sourcecode.c.h; path = RoomListViewController.h; sourceTree = "<group>"; };
		F9F46FDF1CE0CA5D00BA613F /* RoomListViewController.m */ = {isa = PBXFileReference; fileEncoding = 4; lastKnownFileType = sourcecode.c.objc; path = RoomListViewController.m; sourceTree = "<group>"; };
		F9F46FE01CE0CA5D00BA613F /* Room.storyboard */ = {isa = PBXFileReference; fileEncoding = 4; lastKnownFileType = file.storyboard; path = Room.storyboard; sourceTree = "<group>"; };
		F9F46FE21CE0CA5D00BA613F /* RoomScreenViewController.h */ = {isa = PBXFileReference; fileEncoding = 4; lastKnownFileType = sourcecode.c.h; path = RoomScreenViewController.h; sourceTree = "<group>"; };
		F9F46FE31CE0CA5D00BA613F /* RoomScreenViewController.m */ = {isa = PBXFileReference; fileEncoding = 4; lastKnownFileType = sourcecode.c.objc; path = RoomScreenViewController.m; sourceTree = "<group>"; };
		F9F46FE51CE0CA5D00BA613F /* RoomSearchViewController.h */ = {isa = PBXFileReference; fileEncoding = 4; lastKnownFileType = sourcecode.c.h; path = RoomSearchViewController.h; sourceTree = "<group>"; };
		F9F46FE61CE0CA5D00BA613F /* RoomSearchViewController.m */ = {isa = PBXFileReference; fileEncoding = 4; lastKnownFileType = sourcecode.c.objc; path = RoomSearchViewController.m; sourceTree = "<group>"; };
		F9F46FE81CE0CA5D00BA613F /* AddTimeIntervalViewController.h */ = {isa = PBXFileReference; fileEncoding = 4; lastKnownFileType = sourcecode.c.h; path = AddTimeIntervalViewController.h; sourceTree = "<group>"; };
		F9F46FE91CE0CA5D00BA613F /* AddTimeIntervalViewController.m */ = {isa = PBXFileReference; fileEncoding = 4; lastKnownFileType = sourcecode.c.objc; path = AddTimeIntervalViewController.m; sourceTree = "<group>"; };
		F9F46FEB1CE0CA5D00BA613F /* Faculty.h */ = {isa = PBXFileReference; fileEncoding = 4; lastKnownFileType = sourcecode.c.h; path = Faculty.h; sourceTree = "<group>"; };
		F9F46FEC1CE0CA5D00BA613F /* Faculty.m */ = {isa = PBXFileReference; fileEncoding = 4; lastKnownFileType = sourcecode.c.objc; path = Faculty.m; sourceTree = "<group>"; };
		F9F46FED1CE0CA5D00BA613F /* Models.h */ = {isa = PBXFileReference; fileEncoding = 4; lastKnownFileType = sourcecode.c.h; path = Models.h; sourceTree = "<group>"; };
		F9F46FEE1CE0CA5D00BA613F /* Room.h */ = {isa = PBXFileReference; fileEncoding = 4; lastKnownFileType = sourcecode.c.h; path = Room.h; sourceTree = "<group>"; };
		F9F46FEF1CE0CA5D00BA613F /* Room.m */ = {isa = PBXFileReference; fileEncoding = 4; lastKnownFileType = sourcecode.c.objc; path = Room.m; sourceTree = "<group>"; };
		F9F46FF01CE0CA5D00BA613F /* RoomScreen.h */ = {isa = PBXFileReference; fileEncoding = 4; lastKnownFileType = sourcecode.c.h; path = RoomScreen.h; sourceTree = "<group>"; };
		F9F46FF11CE0CA5D00BA613F /* RoomScreen.m */ = {isa = PBXFileReference; fileEncoding = 4; lastKnownFileType = sourcecode.c.objc; path = RoomScreen.m; sourceTree = "<group>"; };
		F9F46FF21CE0CA5D00BA613F /* Student.h */ = {isa = PBXFileReference; fileEncoding = 4; lastKnownFileType = sourcecode.c.h; path = Student.h; sourceTree = "<group>"; };
		F9F46FF31CE0CA5D00BA613F /* Student.m */ = {isa = PBXFileReference; fileEncoding = 4; lastKnownFileType = sourcecode.c.objc; path = Student.m; sourceTree = "<group>"; };
		F9F46FF41CE0CA5D00BA613F /* TimeInterval.h */ = {isa = PBXFileReference; fileEncoding = 4; lastKnownFileType = sourcecode.c.h; path = TimeInterval.h; sourceTree = "<group>"; };
		F9F46FF51CE0CA5D00BA613F /* TimeInterval.m */ = {isa = PBXFileReference; fileEncoding = 4; lastKnownFileType = sourcecode.c.objc; path = TimeInterval.m; sourceTree = "<group>"; };
		F9F46FF81CE0CA5D00BA613F /* AppTools.h */ = {isa = PBXFileReference; fileEncoding = 4; lastKnownFileType = sourcecode.c.h; path = AppTools.h; sourceTree = "<group>"; };
		F9F46FF91CE0CA5D00BA613F /* AppTools.m */ = {isa = PBXFileReference; fileEncoding = 4; lastKnownFileType = sourcecode.c.objc; path = AppTools.m; sourceTree = "<group>"; };
		F9F46FFB1CE0CA5D00BA613F /* NSDate+Timestamp.h */ = {isa = PBXFileReference; fileEncoding = 4; lastKnownFileType = sourcecode.c.h; path = "NSDate+Timestamp.h"; sourceTree = "<group>"; };
		F9F46FFC1CE0CA5D00BA613F /* NSDate+Timestamp.m */ = {isa = PBXFileReference; fileEncoding = 4; lastKnownFileType = sourcecode.c.objc; path = "NSDate+Timestamp.m"; sourceTree = "<group>"; };
		F9F46FFD1CE0CA5D00BA613F /* NSString+Digest.h */ = {isa = PBXFileReference; fileEncoding = 4; lastKnownFileType = sourcecode.c.h; path = "NSString+Digest.h"; sourceTree = "<group>"; };
		F9F46FFE1CE0CA5D00BA613F /* NSString+Digest.m */ = {isa = PBXFileReference; fileEncoding = 4; lastKnownFileType = sourcecode.c.objc; path = "NSString+Digest.m"; sourceTree = "<group>"; };
		F9F46FFF1CE0CA5D00BA613F /* UIColor+Util.h */ = {isa = PBXFileReference; fileEncoding = 4; lastKnownFileType = sourcecode.c.h; path = "UIColor+Util.h"; sourceTree = "<group>"; };
		F9F470001CE0CA5D00BA613F /* UIColor+Util.m */ = {isa = PBXFileReference; fileEncoding = 4; lastKnownFileType = sourcecode.c.objc; path = "UIColor+Util.m"; sourceTree = "<group>"; };
		F9F470011CE0CA5D00BA613F /* UINavigationBar+Shadow.h */ = {isa = PBXFileReference; fileEncoding = 4; lastKnownFileType = sourcecode.c.h; path = "UINavigationBar+Shadow.h"; sourceTree = "<group>"; };
		F9F470021CE0CA5D00BA613F /* UINavigationBar+Shadow.m */ = {isa = PBXFileReference; fileEncoding = 4; lastKnownFileType = sourcecode.c.objc; path = "UINavigationBar+Shadow.m"; sourceTree = "<group>"; };
		F9F470041CE0CA5D00BA613F /* DDLog.h */ = {isa = PBXFileReference; fileEncoding = 4; lastKnownFileType = sourcecode.c.h; path = DDLog.h; sourceTree = "<group>"; };
		F9F470051CE0CA5D00BA613F /* DDLog.m */ = {isa = PBXFileReference; fileEncoding = 4; lastKnownFileType = sourcecode.c.objc; path = DDLog.m; sourceTree = "<group>"; };
		F9F470071CE0CA5D00BA613F /* GlobalConstants.h */ = {isa = PBXFileReference; fileEncoding = 4; lastKnownFileType = sourcecode.c.h; path = GlobalConstants.h; sourceTree = "<group>"; };
		F9F470081CE0CA5D00BA613F /* GlobalConstants.m */ = {isa = PBXFileReference; fileEncoding = 4; lastKnownFileType = sourcecode.c.objc; path = GlobalConstants.m; sourceTree = "<group>"; };
		F9F4700A1CE0CA5D00BA613F /* RecyclableViewController.h */ = {isa = PBXFileReference; fileEncoding = 4; lastKnownFileType = sourcecode.c.h; path = RecyclableViewController.h; sourceTree = "<group>"; };
		F9F4700C1CE0CA5D00BA613F /* UIHelper.h */ = {isa = PBXFileReference; fileEncoding = 4; lastKnownFileType = sourcecode.c.h; path = UIHelper.h; sourceTree = "<group>"; };
		F9F4700D1CE0CA5D00BA613F /* UIHelper.m */ = {isa = PBXFileReference; fileEncoding = 4; lastKnownFileType = sourcecode.c.objc; path = UIHelper.m; sourceTree = "<group>"; };
		F9F4700F1CE0CA5D00BA613F /* UserManager.h */ = {isa = PBXFileReference; fileEncoding = 4; lastKnownFileType = sourcecode.c.h; path = UserManager.h; sourceTree = "<group>"; };
		F9F470101CE0CA5D00BA613F /* UserManager.m */ = {isa = PBXFileReference; fileEncoding = 4; lastKnownFileType = sourcecode.c.objc; path = UserManager.m; sourceTree = "<group>"; };
		F9F470111CE0CA5D00BA613F /* Utils.h */ = {isa = PBXFileReference; fileEncoding = 4; lastKnownFileType = sourcecode.c.h; path = Utils.h; sourceTree = "<group>"; };
		F9F470141CE0CA5D00BA613F /* CAAnimation+Blocks.h */ = {isa = PBXFileReference; fileEncoding = 4; lastKnownFileType = sourcecode.c.h; path = "CAAnimation+Blocks.h"; sourceTree = "<group>"; };
		F9F470151CE0CA5D00BA613F /* CAAnimation+Blocks.m */ = {isa = PBXFileReference; fileEncoding = 4; lastKnownFileType = sourcecode.c.objc; path = "CAAnimation+Blocks.m"; sourceTree = "<group>"; };
		F9F470171CE0CA5D00BA613F /* CustomizeNavigationController.h */ = {isa = PBXFileReference; fileEncoding = 4; lastKnownFileType = sourcecode.c.h; path = CustomizeNavigationController.h; sourceTree = "<group>"; };
		F9F470181CE0CA5D00BA613F /* CustomizeNavigationController.m */ = {isa = PBXFileReference; fileEncoding = 4; lastKnownFileType = sourcecode.c.objc; path = CustomizeNavigationController.m; sourceTree = "<group>"; };
		F9F4701A1CE0CA5D00BA613F /* LanguageManager.h */ = {isa = PBXFileReference; fileEncoding = 4; lastKnownFileType = sourcecode.c.h; path = LanguageManager.h; sourceTree = "<group>"; };
		F9F4701B1CE0CA5D00BA613F /* LanguageManager.m */ = {isa = PBXFileReference; fileEncoding = 4; lastKnownFileType = sourcecode.c.objc; path = LanguageManager.m; sourceTree = "<group>"; };
		F9F4701D1CE0CA5D00BA613F /* SimpleHttp.h */ = {isa = PBXFileReference; fileEncoding = 4; lastKnownFileType = sourcecode.c.h; path = SimpleHttp.h; sourceTree = "<group>"; };
		F9F4701E1CE0CA5D00BA613F /* SimpleHttp.m */ = {isa = PBXFileReference; fileEncoding = 4; lastKnownFileType = sourcecode.c.objc; path = SimpleHttp.m; sourceTree = "<group>"; };
		F9F470211CE0CA5D00BA613F /* SSTouchEvent.h */ = {isa = PBXFileReference; fileEncoding = 4; lastKnownFileType = sourcecode.c.h; path = SSTouchEvent.h; sourceTree = "<group>"; };
		F9F470221CE0CA5D00BA613F /* SSTouchEventController.h */ = {isa = PBXFileReference; fileEncoding = 4; lastKnownFileType = sourcecode.c.h; path = SSTouchEventController.h; sourceTree = "<group>"; };
		F9F470231CE0CA5D00BA613F /* SSTouchEventController.m */ = {isa = PBXFileReference; fileEncoding = 4; lastKnownFileType = sourcecode.c.objc; path = SSTouchEventController.m; sourceTree = "<group>"; };
		F9F470241CE0CA5D00BA613F /* SSTouchImageView.h */ = {isa = PBXFileReference; fileEncoding = 4; lastKnownFileType = sourcecode.c.h; path = SSTouchImageView.h; sourceTree = "<group>"; };
		F9F470251CE0CA5D00BA613F /* SSTouchImageView.m */ = {isa = PBXFileReference; fileEncoding = 4; lastKnownFileType = sourcecode.c.objc; path = SSTouchImageView.m; sourceTree = "<group>"; };
		F9F470261CE0CA5D00BA613F /* SSTouchLabel.h */ = {isa = PBXFileReference; fileEncoding = 4; lastKnownFileType = sourcecode.c.h; path = SSTouchLabel.h; sourceTree = "<group>"; };
		F9F470271CE0CA5D00BA613F /* SSTouchLabel.m */ = {isa = PBXFileReference; fileEncoding = 4; lastKnownFileType = sourcecode.c.objc; path = SSTouchLabel.m; sourceTree = "<group>"; };
		F9F4702A1CE0CA5D00BA613F /* FAImageView.h */ = {isa = PBXFileReference; fileEncoding = 4; lastKnownFileType = sourcecode.c.h; path = FAImageView.h; sourceTree = "<group>"; };
		F9F4702B1CE0CA5D00BA613F /* FAImageView.m */ = {isa = PBXFileReference; fileEncoding = 4; lastKnownFileType = sourcecode.c.objc; path = FAImageView.m; sourceTree = "<group>"; };
		F9F4702C1CE0CA5D00BA613F /* FontAwesome.ttf */ = {isa = PBXFileReference; lastKnownFileType = file; path = FontAwesome.ttf; sourceTree = "<group>"; };
		F9F4702D1CE0CA5D00BA613F /* NSString+FontAwesome.h */ = {isa = PBXFileReference; fileEncoding = 4; lastKnownFileType = sourcecode.c.h; path = "NSString+FontAwesome.h"; sourceTree = "<group>"; };
		F9F4702E1CE0CA5D00BA613F /* NSString+FontAwesome.m */ = {isa = PBXFileReference; fileEncoding = 4; lastKnownFileType = sourcecode.c.objc; path = "NSString+FontAwesome.m"; sourceTree = "<group>"; };
		F9F4702F1CE0CA5D00BA613F /* UIFont+FontAwesome.h */ = {isa = PBXFileReference; fileEncoding = 4; lastKnownFileType = sourcecode.c.h; path = "UIFont+FontAwesome.h"; sourceTree = "<group>"; };
		F9F470301CE0CA5D00BA613F /* UIFont+FontAwesome.m */ = {isa = PBXFileReference; fileEncoding = 4; lastKnownFileType = sourcecode.c.objc; path = "UIFont+FontAwesome.m"; sourceTree = "<group>"; };
		F9F470311CE0CA5D00BA613F /* MozTopAlertView.h */ = {isa = PBXFileReference; fileEncoding = 4; lastKnownFileType = sourcecode.c.h; path = MozTopAlertView.h; sourceTree = "<group>"; };
		F9F470321CE0CA5D00BA613F /* MozTopAlertView.m */ = {isa = PBXFileReference; fileEncoding = 4; lastKnownFileType = sourcecode.c.objc; path = MozTopAlertView.m; sourceTree = "<group>"; };
		F9F470331CE0CA5D00BA613F /* Venders.h */ = {isa = PBXFileReference; fileEncoding = 4; lastKnownFileType = sourcecode.c.h; path = Venders.h; sourceTree = "<group>"; };
		F9F470351CE0CA5D00BA613F /* NSString+YYAdd.h */ = {isa = PBXFileReference; fileEncoding = 4; lastKnownFileType = sourcecode.c.h; path = "NSString+YYAdd.h"; sourceTree = "<group>"; };
		F9F470361CE0CA5D00BA613F /* NSString+YYAdd.m */ = {isa = PBXFileReference; fileEncoding = 4; lastKnownFileType = sourcecode.c.objc; path = "NSString+YYAdd.m"; sourceTree = "<group>"; };
		F9F470371CE0CA5D00BA613F /* UIImage+YYWebImage.h */ = {isa = PBXFileReference; fileEncoding = 4; lastKnownFileType = sourcecode.c.h; path = "UIImage+YYWebImage.h"; sourceTree = "<group>"; };
		F9F470381CE0CA5D00BA613F /* UIImage+YYWebImage.m */ = {isa = PBXFileReference; fileEncoding = 4; lastKnownFileType = sourcecode.c.objc; path = "UIImage+YYWebImage.m"; sourceTree = "<group>"; };
		F9F470391CE0CA5D00BA613F /* UIView+YYAdd.h */ = {isa = PBXFileReference; fileEncoding = 4; lastKnownFileType = sourcecode.c.h; path = "UIView+YYAdd.h"; sourceTree = "<group>"; };
		F9F4703A1CE0CA5D00BA613F /* UIView+YYAdd.m */ = {isa = PBXFileReference; fileEncoding = 4; lastKnownFileType = sourcecode.c.objc; path = "UIView+YYAdd.m"; sourceTree = "<group>"; };
		F9F4703B1CE0CA5D00BA613F /* YYAddings.h */ = {isa = PBXFileReference; fileEncoding = 4; lastKnownFileType = sourcecode.c.h; path = YYAddings.h; sourceTree = "<group>"; };
		F9F4703E1CE0CA5D00BA613F /* CheckableCell.h */ = {isa = PBXFileReference; fileEncoding = 4; lastKnownFileType = sourcecode.c.h; path = CheckableCell.h; sourceTree = "<group>"; };
		F9F4703F1CE0CA5D00BA613F /* CheckableCell.m */ = {isa = PBXFileReference; fileEncoding = 4; lastKnownFileType = sourcecode.c.objc; path = CheckableCell.m; sourceTree = "<group>"; };
		F9F470401CE0CA5D00BA613F /* CheckableCell.xib */ = {isa = PBXFileReference; fileEncoding = 4; lastKnownFileType = file.xib; path = CheckableCell.xib; sourceTree = "<group>"; };
		F9F470421CE0CA5D00BA613F /* RoomListCell.h */ = {isa = PBXFileReference; fileEncoding = 4; lastKnownFileType = sourcecode.c.h; path = RoomListCell.h; sourceTree = "<group>"; };
		F9F470431CE0CA5D00BA613F /* RoomListCell.m */ = {isa = PBXFileReference; fileEncoding = 4; lastKnownFileType = sourcecode.c.objc; path = RoomListCell.m; sourceTree = "<group>"; };
		F9F470441CE0CA5D00BA613F /* RoomListCell.xib */ = {isa = PBXFileReference; fileEncoding = 4; lastKnownFileType = file.xib; path = RoomListCell.xib; sourceTree = "<group>"; };
		F9F470781CE0CA8A00BA613F /* Assets.xcassets */ = {isa = PBXFileReference; lastKnownFileType = folder.assetcatalog; path = Assets.xcassets; sourceTree = "<group>"; };
		F9F4707A1CE0CA8A00BA613F /* main.m */ = {isa = PBXFileReference; fileEncoding = 4; lastKnownFileType = sourcecode.c.objc; path = main.m; sourceTree = "<group>"; };
/* End PBXFileReference section */

/* Begin PBXFrameworksBuildPhase section */
		F98ABDCA1C9F864A0014E903 /* Frameworks */ = {
			isa = PBXFrameworksBuildPhase;
			buildActionMask = 2147483647;
			files = (
				6D5DF55FAB563D784EDC08DE /* Pods_RBSAdmin.framework in Frameworks */,
			);
			runOnlyForDeploymentPostprocessing = 0;
		};
		F98ABDE31C9F864B0014E903 /* Frameworks */ = {
			isa = PBXFrameworksBuildPhase;
			buildActionMask = 2147483647;
			files = (
			);
			runOnlyForDeploymentPostprocessing = 0;
		};
		F98ABDEE1C9F864B0014E903 /* Frameworks */ = {
			isa = PBXFrameworksBuildPhase;
			buildActionMask = 2147483647;
			files = (
			);
			runOnlyForDeploymentPostprocessing = 0;
		};
/* End PBXFrameworksBuildPhase section */

/* Begin PBXGroup section */
		9E97F872ED548DB39B2205B9 /* Frameworks */ = {
			isa = PBXGroup;
			children = (
				B2CD6DC551EC2D65435E1BDD /* Pods_RBSAdmin.framework */,
			);
			name = Frameworks;
			sourceTree = "<group>";
		};
		EE291ABDFCF94CD6BACB2407 /* Pods */ = {
			isa = PBXGroup;
			children = (
				9C7B02AC36A5721E71CF1C65 /* Pods-RBSAdmin.debug.xcconfig */,
				9BE6B885F7E7A6640DF13615 /* Pods-RBSAdmin.release.xcconfig */,
			);
			name = Pods;
			sourceTree = "<group>";
		};
		F98ABDC41C9F864A0014E903 = {
			isa = PBXGroup;
			children = (
				F98ABDCF1C9F864A0014E903 /* RBSAdmin */,
				F98ABDE91C9F864B0014E903 /* RBSAdminTests */,
				F98ABDF41C9F864B0014E903 /* RBSAdminUITests */,
				F98ABDCE1C9F864A0014E903 /* Products */,
				EE291ABDFCF94CD6BACB2407 /* Pods */,
				9E97F872ED548DB39B2205B9 /* Frameworks */,
			);
			sourceTree = "<group>";
		};
		F98ABDCE1C9F864A0014E903 /* Products */ = {
			isa = PBXGroup;
			children = (
				F98ABDCD1C9F864A0014E903 /* RBSAdmin.app */,
				F98ABDE61C9F864B0014E903 /* RBSAdminTests.xctest */,
				F98ABDF11C9F864B0014E903 /* RBSAdminUITests.xctest */,
			);
			name = Products;
			sourceTree = "<group>";
		};
		F98ABDCF1C9F864A0014E903 /* RBSAdmin */ = {
			isa = PBXGroup;
			children = (
				F9F46FBB1CE0CA5D00BA613F /* Classes */,
				F9F470771CE0CA8A00BA613F /* Supporting Files */,
			);
			path = RBSAdmin;
			sourceTree = "<group>";
		};
		F98ABDE91C9F864B0014E903 /* RBSAdminTests */ = {
			isa = PBXGroup;
			children = (
				F98ABDEA1C9F864B0014E903 /* RBSAdminTests.m */,
				F98ABDEC1C9F864B0014E903 /* Info.plist */,
			);
			path = RBSAdminTests;
			sourceTree = "<group>";
		};
		F98ABDF41C9F864B0014E903 /* RBSAdminUITests */ = {
			isa = PBXGroup;
			children = (
				F98ABDF51C9F864B0014E903 /* RBSAdminUITests.m */,
				F98ABDF71C9F864B0014E903 /* Info.plist */,
			);
			path = RBSAdminUITests;
			sourceTree = "<group>";
		};
		F9F46FBB1CE0CA5D00BA613F /* Classes */ = {
			isa = PBXGroup;
			children = (
				F9F46FBC1CE0CA5D00BA613F /* API */,
				F9F46FC61CE0CA5D00BA613F /* Application */,
				F9F46FC91CE0CA5D00BA613F /* Controller */,
				F9F46FEA1CE0CA5D00BA613F /* Model */,
				F9F46FF61CE0CA5D00BA613F /* Util */,
				F9F470121CE0CA5D00BA613F /* Vender */,
				F9F4703C1CE0CA5D00BA613F /* View */,
			);
			path = Classes;
			sourceTree = "<group>";
		};
		F9F46FBC1CE0CA5D00BA613F /* API */ = {
			isa = PBXGroup;
			children = (
				F9F46FBD1CE0CA5D00BA613F /* APIManager */,
				F9F46FC01CE0CA5D00BA613F /* HttpPackage */,
				F9F46FC31CE0CA5D00BA613F /* URLManager */,
			);
			path = API;
			sourceTree = "<group>";
		};
		F9F46FBD1CE0CA5D00BA613F /* APIManager */ = {
			isa = PBXGroup;
			children = (
				F9F46FBE1CE0CA5D00BA613F /* APIManager.h */,
				F9F46FBF1CE0CA5D00BA613F /* APIManager.m */,
			);
			path = APIManager;
			sourceTree = "<group>";
		};
		F9F46FC01CE0CA5D00BA613F /* HttpPackage */ = {
			isa = PBXGroup;
			children = (
				F9F46FC11CE0CA5D00BA613F /* HttpPackage.h */,
				F9F46FC21CE0CA5D00BA613F /* HttpPackage.m */,
			);
			path = HttpPackage;
			sourceTree = "<group>";
		};
		F9F46FC31CE0CA5D00BA613F /* URLManager */ = {
			isa = PBXGroup;
			children = (
				F9F46FC41CE0CA5D00BA613F /* URLManager.h */,
				F9F46FC51CE0CA5D00BA613F /* URLManager.m */,
			);
			path = URLManager;
			sourceTree = "<group>";
		};
		F9F46FC61CE0CA5D00BA613F /* Application */ = {
			isa = PBXGroup;
			children = (
				F9F46FC71CE0CA5D00BA613F /* AppDelegate.h */,
				F9F46FC81CE0CA5D00BA613F /* AppDelegate.m */,
			);
			path = Application;
			sourceTree = "<group>";
		};
		F9F46FC91CE0CA5D00BA613F /* Controller */ = {
			isa = PBXGroup;
			children = (
				F9F46FCA1CE0CA5D00BA613F /* Launch */,
				F9F46FCC1CE0CA5D00BA613F /* Login */,
				F9F46FD01CE0CA5D00BA613F /* Main */,
				F9F46FE71CE0CA5D00BA613F /* TimeInterval */,
			);
			path = Controller;
			sourceTree = "<group>";
		};
		F9F46FCA1CE0CA5D00BA613F /* Launch */ = {
			isa = PBXGroup;
			children = (
				F9F46FCB1CE0CA5D00BA613F /* LaunchScreen.xib */,
			);
			path = Launch;
			sourceTree = "<group>";
		};
		F9F46FCC1CE0CA5D00BA613F /* Login */ = {
			isa = PBXGroup;
			children = (
				F9F46FCD1CE0CA5D00BA613F /* Login.storyboard */,
				F9F46FCE1CE0CA5D00BA613F /* LoginViewController.h */,
				F9F46FCF1CE0CA5D00BA613F /* LoginViewController.m */,
			);
			path = Login;
			sourceTree = "<group>";
		};
		F9F46FD01CE0CA5D00BA613F /* Main */ = {
			isa = PBXGroup;
			children = (
				F9F46FD11CE0CA5D00BA613F /* Booking */,
				F9F46FD51CE0CA5D00BA613F /* Main */,
				F9F46FD81CE0CA5D00BA613F /* Me */,
				F9F46FDC1CE0CA5D00BA613F /* Room */,
			);
			path = Main;
			sourceTree = "<group>";
		};
		F9F46FD11CE0CA5D00BA613F /* Booking */ = {
			isa = PBXGroup;
			children = (
				F9F46FD21CE0CA5D00BA613F /* Booking.storyboard */,
				F9F46FD31CE0CA5D00BA613F /* BookingListViewController.h */,
				F9F46FD41CE0CA5D00BA613F /* BookingListViewController.m */,
			);
			path = Booking;
			sourceTree = "<group>";
		};
		F9F46FD51CE0CA5D00BA613F /* Main */ = {
			isa = PBXGroup;
			children = (
				F9F46FD61CE0CA5D00BA613F /* MainController.h */,
				F9F46FD71CE0CA5D00BA613F /* MainController.m */,
			);
			path = Main;
			sourceTree = "<group>";
		};
		F9F46FD81CE0CA5D00BA613F /* Me */ = {
			isa = PBXGroup;
			children = (
				F9F46FD91CE0CA5D00BA613F /* Me.storyboard */,
				F9F46FDA1CE0CA5D00BA613F /* MeViewController.h */,
				F9F46FDB1CE0CA5D00BA613F /* MeViewController.m */,
			);
			path = Me;
			sourceTree = "<group>";
		};
		F9F46FDC1CE0CA5D00BA613F /* Room */ = {
			isa = PBXGroup;
			children = (
				F9F46FE01CE0CA5D00BA613F /* Room.storyboard */,
				F9F46FDD1CE0CA5D00BA613F /* List */,
				F9F46FE11CE0CA5D00BA613F /* Screen */,
				F9F46FE41CE0CA5D00BA613F /* Search */,
			);
			path = Room;
			sourceTree = "<group>";
		};
		F9F46FDD1CE0CA5D00BA613F /* List */ = {
			isa = PBXGroup;
			children = (
				F9F46FDE1CE0CA5D00BA613F /* RoomListViewController.h */,
				F9F46FDF1CE0CA5D00BA613F /* RoomListViewController.m */,
			);
			path = List;
			sourceTree = "<group>";
		};
		F9F46FE11CE0CA5D00BA613F /* Screen */ = {
			isa = PBXGroup;
			children = (
				F9F46FE21CE0CA5D00BA613F /* RoomScreenViewController.h */,
				F9F46FE31CE0CA5D00BA613F /* RoomScreenViewController.m */,
			);
			path = Screen;
			sourceTree = "<group>";
		};
		F9F46FE41CE0CA5D00BA613F /* Search */ = {
			isa = PBXGroup;
			children = (
				F9F46FE51CE0CA5D00BA613F /* RoomSearchViewController.h */,
				F9F46FE61CE0CA5D00BA613F /* RoomSearchViewController.m */,
			);
			path = Search;
			sourceTree = "<group>";
		};
		F9F46FE71CE0CA5D00BA613F /* TimeInterval */ = {
			isa = PBXGroup;
			children = (
				F9F46FE81CE0CA5D00BA613F /* AddTimeIntervalViewController.h */,
				F9F46FE91CE0CA5D00BA613F /* AddTimeIntervalViewController.m */,
			);
			path = TimeInterval;
			sourceTree = "<group>";
		};
		F9F46FEA1CE0CA5D00BA613F /* Model */ = {
			isa = PBXGroup;
			children = (
				F9F46FEB1CE0CA5D00BA613F /* Faculty.h */,
				F9F46FEC1CE0CA5D00BA613F /* Faculty.m */,
				F9F46FED1CE0CA5D00BA613F /* Models.h */,
				F9F46FEE1CE0CA5D00BA613F /* Room.h */,
				F9F46FEF1CE0CA5D00BA613F /* Room.m */,
				F9F46FF01CE0CA5D00BA613F /* RoomScreen.h */,
				F9F46FF11CE0CA5D00BA613F /* RoomScreen.m */,
				F9F46FF21CE0CA5D00BA613F /* Student.h */,
				F9F46FF31CE0CA5D00BA613F /* Student.m */,
				F9F46FF41CE0CA5D00BA613F /* TimeInterval.h */,
				F9F46FF51CE0CA5D00BA613F /* TimeInterval.m */,
			);
			path = Model;
			sourceTree = "<group>";
		};
		F9F46FF61CE0CA5D00BA613F /* Util */ = {
			isa = PBXGroup;
			children = (
				F9F46FF71CE0CA5D00BA613F /* AppTools */,
				F9F46FFA1CE0CA5D00BA613F /* Category */,
				F9F470031CE0CA5D00BA613F /* DDlog */,
				F9F470061CE0CA5D00BA613F /* GlobalConstants */,
				F9F470091CE0CA5D00BA613F /* Protocol */,
				F9F4700B1CE0CA5D00BA613F /* UIHelper */,
				F9F4700E1CE0CA5D00BA613F /* UserManager */,
				F9F470111CE0CA5D00BA613F /* Utils.h */,
			);
			path = Util;
			sourceTree = "<group>";
		};
		F9F46FF71CE0CA5D00BA613F /* AppTools */ = {
			isa = PBXGroup;
			children = (
				F9F46FF81CE0CA5D00BA613F /* AppTools.h */,
				F9F46FF91CE0CA5D00BA613F /* AppTools.m */,
			);
			path = AppTools;
			sourceTree = "<group>";
		};
		F9F46FFA1CE0CA5D00BA613F /* Category */ = {
			isa = PBXGroup;
			children = (
				F9F46FFB1CE0CA5D00BA613F /* NSDate+Timestamp.h */,
				F9F46FFC1CE0CA5D00BA613F /* NSDate+Timestamp.m */,
				F9F46FFD1CE0CA5D00BA613F /* NSString+Digest.h */,
				F9F46FFE1CE0CA5D00BA613F /* NSString+Digest.m */,
				F9F46FFF1CE0CA5D00BA613F /* UIColor+Util.h */,
				F9F470001CE0CA5D00BA613F /* UIColor+Util.m */,
				F9F470011CE0CA5D00BA613F /* UINavigationBar+Shadow.h */,
				F9F470021CE0CA5D00BA613F /* UINavigationBar+Shadow.m */,
			);
			path = Category;
			sourceTree = "<group>";
		};
		F9F470031CE0CA5D00BA613F /* DDlog */ = {
			isa = PBXGroup;
			children = (
				F9F470041CE0CA5D00BA613F /* DDLog.h */,
				F9F470051CE0CA5D00BA613F /* DDLog.m */,
			);
			path = DDlog;
			sourceTree = "<group>";
		};
		F9F470061CE0CA5D00BA613F /* GlobalConstants */ = {
			isa = PBXGroup;
			children = (
				F9F470071CE0CA5D00BA613F /* GlobalConstants.h */,
				F9F470081CE0CA5D00BA613F /* GlobalConstants.m */,
			);
			path = GlobalConstants;
			sourceTree = "<group>";
		};
		F9F470091CE0CA5D00BA613F /* Protocol */ = {
			isa = PBXGroup;
			children = (
				F9F4700A1CE0CA5D00BA613F /* RecyclableViewController.h */,
			);
			path = Protocol;
			sourceTree = "<group>";
		};
		F9F4700B1CE0CA5D00BA613F /* UIHelper */ = {
			isa = PBXGroup;
			children = (
				F9F4700C1CE0CA5D00BA613F /* UIHelper.h */,
				F9F4700D1CE0CA5D00BA613F /* UIHelper.m */,
			);
			path = UIHelper;
			sourceTree = "<group>";
		};
		F9F4700E1CE0CA5D00BA613F /* UserManager */ = {
			isa = PBXGroup;
			children = (
				F9F4700F1CE0CA5D00BA613F /* UserManager.h */,
				F9F470101CE0CA5D00BA613F /* UserManager.m */,
			);
			path = UserManager;
			sourceTree = "<group>";
		};
		F9F470121CE0CA5D00BA613F /* Vender */ = {
			isa = PBXGroup;
			children = (
				F9F470131CE0CA5D00BA613F /* CAAnimation+Blocks */,
				F9F470161CE0CA5D00BA613F /* CustomizeNavigationController */,
				F9F470191CE0CA5D00BA613F /* LanguageManager */,
				F9F4701C1CE0CA5D00BA613F /* SimpleHttp */,
				F9F4701F1CE0CA5D00BA613F /* SSPullController */,
				F9F470201CE0CA5D00BA613F /* SSTouchEvent */,
				F9F470281CE0CA5D00BA613F /* TopAlertView */,
				F9F470331CE0CA5D00BA613F /* Venders.h */,
				F9F470341CE0CA5D00BA613F /* YYAddings */,
			);
			path = Vender;
			sourceTree = "<group>";
		};
		F9F470131CE0CA5D00BA613F /* CAAnimation+Blocks */ = {
			isa = PBXGroup;
			children = (
				F9F470141CE0CA5D00BA613F /* CAAnimation+Blocks.h */,
				F9F470151CE0CA5D00BA613F /* CAAnimation+Blocks.m */,
			);
			path = "CAAnimation+Blocks";
			sourceTree = "<group>";
		};
		F9F470161CE0CA5D00BA613F /* CustomizeNavigationController */ = {
			isa = PBXGroup;
			children = (
				F9F470171CE0CA5D00BA613F /* CustomizeNavigationController.h */,
				F9F470181CE0CA5D00BA613F /* CustomizeNavigationController.m */,
			);
			path = CustomizeNavigationController;
			sourceTree = "<group>";
		};
		F9F470191CE0CA5D00BA613F /* LanguageManager */ = {
			isa = PBXGroup;
			children = (
				F9F4701A1CE0CA5D00BA613F /* LanguageManager.h */,
				F9F4701B1CE0CA5D00BA613F /* LanguageManager.m */,
			);
			path = LanguageManager;
			sourceTree = "<group>";
		};
		F9F4701C1CE0CA5D00BA613F /* SimpleHttp */ = {
			isa = PBXGroup;
			children = (
				F9F4701D1CE0CA5D00BA613F /* SimpleHttp.h */,
				F9F4701E1CE0CA5D00BA613F /* SimpleHttp.m */,
			);
			path = SimpleHttp;
			sourceTree = "<group>";
		};
		F9F4701F1CE0CA5D00BA613F /* SSPullController */ = {
			isa = PBXGroup;
			children = (
			);
			path = SSPullController;
			sourceTree = "<group>";
		};
		F9F470201CE0CA5D00BA613F /* SSTouchEvent */ = {
			isa = PBXGroup;
			children = (
				F9F470211CE0CA5D00BA613F /* SSTouchEvent.h */,
				F9F470221CE0CA5D00BA613F /* SSTouchEventController.h */,
				F9F470231CE0CA5D00BA613F /* SSTouchEventController.m */,
				F9F470241CE0CA5D00BA613F /* SSTouchImageView.h */,
				F9F470251CE0CA5D00BA613F /* SSTouchImageView.m */,
				F9F470261CE0CA5D00BA613F /* SSTouchLabel.h */,
				F9F470271CE0CA5D00BA613F /* SSTouchLabel.m */,
			);
			path = SSTouchEvent;
			sourceTree = "<group>";
		};
		F9F470281CE0CA5D00BA613F /* TopAlertView */ = {
			isa = PBXGroup;
			children = (
				F9F470291CE0CA5D00BA613F /* fontawesome */,
				F9F470311CE0CA5D00BA613F /* MozTopAlertView.h */,
				F9F470321CE0CA5D00BA613F /* MozTopAlertView.m */,
			);
			path = TopAlertView;
			sourceTree = "<group>";
		};
		F9F470291CE0CA5D00BA613F /* fontawesome */ = {
			isa = PBXGroup;
			children = (
				F9F4702A1CE0CA5D00BA613F /* FAImageView.h */,
				F9F4702B1CE0CA5D00BA613F /* FAImageView.m */,
				F9F4702C1CE0CA5D00BA613F /* FontAwesome.ttf */,
				F9F4702D1CE0CA5D00BA613F /* NSString+FontAwesome.h */,
				F9F4702E1CE0CA5D00BA613F /* NSString+FontAwesome.m */,
				F9F4702F1CE0CA5D00BA613F /* UIFont+FontAwesome.h */,
				F9F470301CE0CA5D00BA613F /* UIFont+FontAwesome.m */,
			);
			path = fontawesome;
			sourceTree = "<group>";
		};
		F9F470341CE0CA5D00BA613F /* YYAddings */ = {
			isa = PBXGroup;
			children = (
				F9F470351CE0CA5D00BA613F /* NSString+YYAdd.h */,
				F9F470361CE0CA5D00BA613F /* NSString+YYAdd.m */,
				F9F470371CE0CA5D00BA613F /* UIImage+YYWebImage.h */,
				F9F470381CE0CA5D00BA613F /* UIImage+YYWebImage.m */,
				F9F470391CE0CA5D00BA613F /* UIView+YYAdd.h */,
				F9F4703A1CE0CA5D00BA613F /* UIView+YYAdd.m */,
				F9F4703B1CE0CA5D00BA613F /* YYAddings.h */,
			);
			path = YYAddings;
			sourceTree = "<group>";
		};
		F9F4703C1CE0CA5D00BA613F /* View */ = {
			isa = PBXGroup;
			children = (
				F9F4703D1CE0CA5D00BA613F /* CheckableCell */,
				F9F470411CE0CA5D00BA613F /* RoomListCell */,
			);
			path = View;
			sourceTree = "<group>";
		};
		F9F4703D1CE0CA5D00BA613F /* CheckableCell */ = {
			isa = PBXGroup;
			children = (
				F9F4703E1CE0CA5D00BA613F /* CheckableCell.h */,
				F9F4703F1CE0CA5D00BA613F /* CheckableCell.m */,
				F9F470401CE0CA5D00BA613F /* CheckableCell.xib */,
			);
			path = CheckableCell;
			sourceTree = "<group>";
		};
		F9F470411CE0CA5D00BA613F /* RoomListCell */ = {
			isa = PBXGroup;
			children = (
				F9F470421CE0CA5D00BA613F /* RoomListCell.h */,
				F9F470431CE0CA5D00BA613F /* RoomListCell.m */,
				F9F470441CE0CA5D00BA613F /* RoomListCell.xib */,
			);
			path = RoomListCell;
			sourceTree = "<group>";
		};
		F9F470771CE0CA8A00BA613F /* Supporting Files */ = {
			isa = PBXGroup;
			children = (
				F93B80541CE0CB5400EE0B77 /* Info.plist */,
				F9F470781CE0CA8A00BA613F /* Assets.xcassets */,
				F9F4707A1CE0CA8A00BA613F /* main.m */,
			);
			path = "Supporting Files";
			sourceTree = "<group>";
		};
/* End PBXGroup section */

/* Begin PBXNativeTarget section */
		F98ABDCC1C9F864A0014E903 /* RBSAdmin */ = {
			isa = PBXNativeTarget;
			buildConfigurationList = F98ABDFA1C9F864B0014E903 /* Build configuration list for PBXNativeTarget "RBSAdmin" */;
			buildPhases = (
				7896DE48D103B394DD065F8C /* 📦 Check Pods Manifest.lock */,
				F98ABDC91C9F864A0014E903 /* Sources */,
				F98ABDCA1C9F864A0014E903 /* Frameworks */,
				F98ABDCB1C9F864A0014E903 /* Resources */,
				96B570C385C1599802C04E5F /* 📦 Embed Pods Frameworks */,
				3AECE07784EF877738FD30D6 /* 📦 Copy Pods Resources */,
			);
			buildRules = (
			);
			dependencies = (
			);
			name = RBSAdmin;
			productName = RBSAdmin;
			productReference = F98ABDCD1C9F864A0014E903 /* RBSAdmin.app */;
			productType = "com.apple.product-type.application";
		};
		F98ABDE51C9F864B0014E903 /* RBSAdminTests */ = {
			isa = PBXNativeTarget;
			buildConfigurationList = F98ABDFD1C9F864B0014E903 /* Build configuration list for PBXNativeTarget "RBSAdminTests" */;
			buildPhases = (
				F98ABDE21C9F864B0014E903 /* Sources */,
				F98ABDE31C9F864B0014E903 /* Frameworks */,
				F98ABDE41C9F864B0014E903 /* Resources */,
			);
			buildRules = (
			);
			dependencies = (
				F98ABDE81C9F864B0014E903 /* PBXTargetDependency */,
			);
			name = RBSAdminTests;
			productName = RBSAdminTests;
			productReference = F98ABDE61C9F864B0014E903 /* RBSAdminTests.xctest */;
			productType = "com.apple.product-type.bundle.unit-test";
		};
		F98ABDF01C9F864B0014E903 /* RBSAdminUITests */ = {
			isa = PBXNativeTarget;
			buildConfigurationList = F98ABE001C9F864B0014E903 /* Build configuration list for PBXNativeTarget "RBSAdminUITests" */;
			buildPhases = (
				F98ABDED1C9F864B0014E903 /* Sources */,
				F98ABDEE1C9F864B0014E903 /* Frameworks */,
				F98ABDEF1C9F864B0014E903 /* Resources */,
			);
			buildRules = (
			);
			dependencies = (
				F98ABDF31C9F864B0014E903 /* PBXTargetDependency */,
			);
			name = RBSAdminUITests;
			productName = RBSAdminUITests;
			productReference = F98ABDF11C9F864B0014E903 /* RBSAdminUITests.xctest */;
			productType = "com.apple.product-type.bundle.ui-testing";
		};
/* End PBXNativeTarget section */

/* Begin PBXProject section */
		F98ABDC51C9F864A0014E903 /* Project object */ = {
			isa = PBXProject;
			attributes = {
				LastUpgradeCheck = 0720;
				ORGANIZATIONNAME = NTU;
				TargetAttributes = {
					F98ABDCC1C9F864A0014E903 = {
						CreatedOnToolsVersion = 7.2.1;
						DevelopmentTeam = LR946C4GWU;
					};
					F98ABDE51C9F864B0014E903 = {
						CreatedOnToolsVersion = 7.2.1;
						TestTargetID = F98ABDCC1C9F864A0014E903;
					};
					F98ABDF01C9F864B0014E903 = {
						CreatedOnToolsVersion = 7.2.1;
						TestTargetID = F98ABDCC1C9F864A0014E903;
					};
				};
			};
			buildConfigurationList = F98ABDC81C9F864A0014E903 /* Build configuration list for PBXProject "RBSAdmin" */;
			compatibilityVersion = "Xcode 3.2";
			developmentRegion = English;
			hasScannedForEncodings = 0;
			knownRegions = (
				en,
				Base,
			);
			mainGroup = F98ABDC41C9F864A0014E903;
			productRefGroup = F98ABDCE1C9F864A0014E903 /* Products */;
			projectDirPath = "";
			projectRoot = "";
			targets = (
				F98ABDCC1C9F864A0014E903 /* RBSAdmin */,
				F98ABDE51C9F864B0014E903 /* RBSAdminTests */,
				F98ABDF01C9F864B0014E903 /* RBSAdminUITests */,
			);
		};
/* End PBXProject section */

/* Begin PBXResourcesBuildPhase section */
		F98ABDCB1C9F864A0014E903 /* Resources */ = {
			isa = PBXResourcesBuildPhase;
			buildActionMask = 2147483647;
			files = (
				F9F470521CE0CA5D00BA613F /* Room.storyboard in Resources */,
				F9F4704A1CE0CA5D00BA613F /* Login.storyboard in Resources */,
				F9F470761CE0CA5D00BA613F /* RoomListCell.xib in Resources */,
				F9F470491CE0CA5D00BA613F /* LaunchScreen.xib in Resources */,
				F9F470741CE0CA5D00BA613F /* CheckableCell.xib in Resources */,
				F9F4704F1CE0CA5D00BA613F /* Me.storyboard in Resources */,
				F9F4704C1CE0CA5D00BA613F /* Booking.storyboard in Resources */,
				F9F4707B1CE0CA8A00BA613F /* Assets.xcassets in Resources */,
				F93B80551CE0CB5400EE0B77 /* Info.plist in Resources */,
				F9F4706C1CE0CA5D00BA613F /* FontAwesome.ttf in Resources */,
			);
			runOnlyForDeploymentPostprocessing = 0;
		};
		F98ABDE41C9F864B0014E903 /* Resources */ = {
			isa = PBXResourcesBuildPhase;
			buildActionMask = 2147483647;
			files = (
			);
			runOnlyForDeploymentPostprocessing = 0;
		};
		F98ABDEF1C9F864B0014E903 /* Resources */ = {
			isa = PBXResourcesBuildPhase;
			buildActionMask = 2147483647;
			files = (
			);
			runOnlyForDeploymentPostprocessing = 0;
		};
/* End PBXResourcesBuildPhase section */

/* Begin PBXShellScriptBuildPhase section */
		3AECE07784EF877738FD30D6 /* 📦 Copy Pods Resources */ = {
			isa = PBXShellScriptBuildPhase;
			buildActionMask = 2147483647;
			files = (
			);
			inputPaths = (
			);
			name = "📦 Copy Pods Resources";
			outputPaths = (
			);
			runOnlyForDeploymentPostprocessing = 0;
			shellPath = /bin/sh;
			shellScript = "\"${SRCROOT}/../Pods/Target Support Files/Pods-RBSAdmin/Pods-RBSAdmin-resources.sh\"\n";
			showEnvVarsInLog = 0;
		};
		7896DE48D103B394DD065F8C /* 📦 Check Pods Manifest.lock */ = {
			isa = PBXShellScriptBuildPhase;
			buildActionMask = 2147483647;
			files = (
			);
			inputPaths = (
			);
			name = "📦 Check Pods Manifest.lock";
			outputPaths = (
			);
			runOnlyForDeploymentPostprocessing = 0;
			shellPath = /bin/sh;
			shellScript = "diff \"${PODS_ROOT}/../Podfile.lock\" \"${PODS_ROOT}/Manifest.lock\" > /dev/null\nif [[ $? != 0 ]] ; then\n    cat << EOM\nerror: The sandbox is not in sync with the Podfile.lock. Run 'pod install' or update your CocoaPods installation.\nEOM\n    exit 1\nfi\n";
			showEnvVarsInLog = 0;
		};
		96B570C385C1599802C04E5F /* 📦 Embed Pods Frameworks */ = {
			isa = PBXShellScriptBuildPhase;
			buildActionMask = 2147483647;
			files = (
			);
			inputPaths = (
			);
			name = "📦 Embed Pods Frameworks";
			outputPaths = (
			);
			runOnlyForDeploymentPostprocessing = 0;
			shellPath = /bin/sh;
			shellScript = "\"${SRCROOT}/../Pods/Target Support Files/Pods-RBSAdmin/Pods-RBSAdmin-frameworks.sh\"\n";
			showEnvVarsInLog = 0;
		};
/* End PBXShellScriptBuildPhase section */

/* Begin PBXSourcesBuildPhase section */
		F98ABDC91C9F864A0014E903 /* Sources */ = {
			isa = PBXSourcesBuildPhase;
			buildActionMask = 2147483647;
			files = (
				F9F4706D1CE0CA5D00BA613F /* NSString+FontAwesome.m in Sources */,
				F9F470631CE0CA5D00BA613F /* UserManager.m in Sources */,
				F9F470651CE0CA5D00BA613F /* CustomizeNavigationController.m in Sources */,
				F9F470481CE0CA5D00BA613F /* AppDelegate.m in Sources */,
				F9F470711CE0CA5D00BA613F /* UIImage+YYWebImage.m in Sources */,
				F9F4706B1CE0CA5D00BA613F /* FAImageView.m in Sources */,
				F9F470701CE0CA5D00BA613F /* NSString+YYAdd.m in Sources */,
				F9F4705F1CE0CA5D00BA613F /* UINavigationBar+Shadow.m in Sources */,
				F9F470721CE0CA5D00BA613F /* UIView+YYAdd.m in Sources */,
				F9F470621CE0CA5D00BA613F /* UIHelper.m in Sources */,
				F9F4706F1CE0CA5D00BA613F /* MozTopAlertView.m in Sources */,
				F9F470541CE0CA5D00BA613F /* RoomSearchViewController.m in Sources */,
				F9F470641CE0CA5D00BA613F /* CAAnimation+Blocks.m in Sources */,
				F9F470531CE0CA5D00BA613F /* RoomScreenViewController.m in Sources */,
				F9F470471CE0CA5D00BA613F /* URLManager.m in Sources */,
				F9F470461CE0CA5D00BA613F /* HttpPackage.m in Sources */,
				F9F470451CE0CA5D00BA613F /* APIManager.m in Sources */,
				F9F470681CE0CA5D00BA613F /* SSTouchEventController.m in Sources */,
				F9F4705A1CE0CA5D00BA613F /* TimeInterval.m in Sources */,
				F9F470551CE0CA5D00BA613F /* AddTimeIntervalViewController.m in Sources */,
				F9F4704D1CE0CA5D00BA613F /* BookingListViewController.m in Sources */,
				F9F470611CE0CA5D00BA613F /* GlobalConstants.m in Sources */,
				F9F4704E1CE0CA5D00BA613F /* MainController.m in Sources */,
				F9F4705E1CE0CA5D00BA613F /* UIColor+Util.m in Sources */,
				F9F470501CE0CA5D00BA613F /* MeViewController.m in Sources */,
				F9F470561CE0CA5D00BA613F /* Faculty.m in Sources */,
				F9F4707D1CE0CA8A00BA613F /* main.m in Sources */,
				F9F470751CE0CA5D00BA613F /* RoomListCell.m in Sources */,
				F9F470691CE0CA5D00BA613F /* SSTouchImageView.m in Sources */,
				F9F470591CE0CA5D00BA613F /* Student.m in Sources */,
				F9F470601CE0CA5D00BA613F /* DDLog.m in Sources */,
				F9F470671CE0CA5D00BA613F /* SimpleHttp.m in Sources */,
				F9F470511CE0CA5D00BA613F /* RoomListViewController.m in Sources */,
				F9F470731CE0CA5D00BA613F /* CheckableCell.m in Sources */,
				F9F470571CE0CA5D00BA613F /* Room.m in Sources */,
				F9F4705D1CE0CA5D00BA613F /* NSString+Digest.m in Sources */,
				F9F4704B1CE0CA5D00BA613F /* LoginViewController.m in Sources */,
				F9F470661CE0CA5D00BA613F /* LanguageManager.m in Sources */,
				F9F4705C1CE0CA5D00BA613F /* NSDate+Timestamp.m in Sources */,
				F9F470581CE0CA5D00BA613F /* RoomScreen.m in Sources */,
				F9F4705B1CE0CA5D00BA613F /* AppTools.m in Sources */,
				F9F4706A1CE0CA5D00BA613F /* SSTouchLabel.m in Sources */,
				F9F4706E1CE0CA5D00BA613F /* UIFont+FontAwesome.m in Sources */,
			);
			runOnlyForDeploymentPostprocessing = 0;
		};
		F98ABDE21C9F864B0014E903 /* Sources */ = {
			isa = PBXSourcesBuildPhase;
			buildActionMask = 2147483647;
			files = (
				F98ABDEB1C9F864B0014E903 /* RBSAdminTests.m in Sources */,
			);
			runOnlyForDeploymentPostprocessing = 0;
		};
		F98ABDED1C9F864B0014E903 /* Sources */ = {
			isa = PBXSourcesBuildPhase;
			buildActionMask = 2147483647;
			files = (
				F98ABDF61C9F864B0014E903 /* RBSAdminUITests.m in Sources */,
			);
			runOnlyForDeploymentPostprocessing = 0;
		};
/* End PBXSourcesBuildPhase section */

/* Begin PBXTargetDependency section */
		F98ABDE81C9F864B0014E903 /* PBXTargetDependency */ = {
			isa = PBXTargetDependency;
			target = F98ABDCC1C9F864A0014E903 /* RBSAdmin */;
			targetProxy = F98ABDE71C9F864B0014E903 /* PBXContainerItemProxy */;
		};
		F98ABDF31C9F864B0014E903 /* PBXTargetDependency */ = {
			isa = PBXTargetDependency;
			target = F98ABDCC1C9F864A0014E903 /* RBSAdmin */;
			targetProxy = F98ABDF21C9F864B0014E903 /* PBXContainerItemProxy */;
		};
/* End PBXTargetDependency section */

/* Begin XCBuildConfiguration section */
		F98ABDF81C9F864B0014E903 /* Debug */ = {
			isa = XCBuildConfiguration;
			buildSettings = {
				ALWAYS_SEARCH_USER_PATHS = NO;
				CLANG_CXX_LANGUAGE_STANDARD = "gnu++0x";
				CLANG_CXX_LIBRARY = "libc++";
				CLANG_ENABLE_MODULES = YES;
				CLANG_ENABLE_OBJC_ARC = YES;
				CLANG_WARN_BOOL_CONVERSION = YES;
				CLANG_WARN_CONSTANT_CONVERSION = YES;
				CLANG_WARN_DIRECT_OBJC_ISA_USAGE = YES_ERROR;
				CLANG_WARN_EMPTY_BODY = YES;
				CLANG_WARN_ENUM_CONVERSION = YES;
				CLANG_WARN_INT_CONVERSION = YES;
				CLANG_WARN_OBJC_ROOT_CLASS = YES_ERROR;
				CLANG_WARN_UNREACHABLE_CODE = YES;
				CLANG_WARN__DUPLICATE_METHOD_MATCH = YES;
				"CODE_SIGN_IDENTITY[sdk=iphoneos*]" = "iPhone Developer";
				COPY_PHASE_STRIP = NO;
				DEBUG_INFORMATION_FORMAT = dwarf;
				ENABLE_STRICT_OBJC_MSGSEND = YES;
				ENABLE_TESTABILITY = YES;
				GCC_C_LANGUAGE_STANDARD = gnu99;
				GCC_DYNAMIC_NO_PIC = NO;
				GCC_NO_COMMON_BLOCKS = YES;
				GCC_OPTIMIZATION_LEVEL = 0;
				GCC_PREPROCESSOR_DEFINITIONS = (
					"DEBUG=1",
					"$(inherited)",
				);
				GCC_WARN_64_TO_32_BIT_CONVERSION = YES;
				GCC_WARN_ABOUT_RETURN_TYPE = YES_ERROR;
				GCC_WARN_UNDECLARED_SELECTOR = YES;
				GCC_WARN_UNINITIALIZED_AUTOS = YES_AGGRESSIVE;
				GCC_WARN_UNUSED_FUNCTION = YES;
				GCC_WARN_UNUSED_VARIABLE = YES;
				IPHONEOS_DEPLOYMENT_TARGET = 9.2;
				MTL_ENABLE_DEBUG_INFO = YES;
				ONLY_ACTIVE_ARCH = YES;
				SDKROOT = iphoneos;
			};
			name = Debug;
		};
		F98ABDF91C9F864B0014E903 /* Release */ = {
			isa = XCBuildConfiguration;
			buildSettings = {
				ALWAYS_SEARCH_USER_PATHS = NO;
				CLANG_CXX_LANGUAGE_STANDARD = "gnu++0x";
				CLANG_CXX_LIBRARY = "libc++";
				CLANG_ENABLE_MODULES = YES;
				CLANG_ENABLE_OBJC_ARC = YES;
				CLANG_WARN_BOOL_CONVERSION = YES;
				CLANG_WARN_CONSTANT_CONVERSION = YES;
				CLANG_WARN_DIRECT_OBJC_ISA_USAGE = YES_ERROR;
				CLANG_WARN_EMPTY_BODY = YES;
				CLANG_WARN_ENUM_CONVERSION = YES;
				CLANG_WARN_INT_CONVERSION = YES;
				CLANG_WARN_OBJC_ROOT_CLASS = YES_ERROR;
				CLANG_WARN_UNREACHABLE_CODE = YES;
				CLANG_WARN__DUPLICATE_METHOD_MATCH = YES;
				"CODE_SIGN_IDENTITY[sdk=iphoneos*]" = "iPhone Developer";
				COPY_PHASE_STRIP = NO;
				DEBUG_INFORMATION_FORMAT = "dwarf-with-dsym";
				ENABLE_NS_ASSERTIONS = NO;
				ENABLE_STRICT_OBJC_MSGSEND = YES;
				GCC_C_LANGUAGE_STANDARD = gnu99;
				GCC_NO_COMMON_BLOCKS = YES;
				GCC_WARN_64_TO_32_BIT_CONVERSION = YES;
				GCC_WARN_ABOUT_RETURN_TYPE = YES_ERROR;
				GCC_WARN_UNDECLARED_SELECTOR = YES;
				GCC_WARN_UNINITIALIZED_AUTOS = YES_AGGRESSIVE;
				GCC_WARN_UNUSED_FUNCTION = YES;
				GCC_WARN_UNUSED_VARIABLE = YES;
				IPHONEOS_DEPLOYMENT_TARGET = 9.2;
				MTL_ENABLE_DEBUG_INFO = NO;
				SDKROOT = iphoneos;
				VALIDATE_PRODUCT = YES;
			};
			name = Release;
		};
		F98ABDFB1C9F864B0014E903 /* Debug */ = {
			isa = XCBuildConfiguration;
			baseConfigurationReference = 9C7B02AC36A5721E71CF1C65 /* Pods-RBSAdmin.debug.xcconfig */;
			buildSettings = {
				ASSETCATALOG_COMPILER_APPICON_NAME = AppIcon;
				CODE_SIGN_IDENTITY = "iPhone Developer";
				INFOPLIST_FILE = RBSAdmin/Info.plist;
				IPHONEOS_DEPLOYMENT_TARGET = 8.0;
				LD_RUNPATH_SEARCH_PATHS = "$(inherited) @executable_path/Frameworks";
				PRODUCT_BUNDLE_IDENTIFIER = ntu.zss.RBSAdmin;
				PRODUCT_NAME = "$(TARGET_NAME)";
				TARGETED_DEVICE_FAMILY = 1;
			};
			name = Debug;
		};
		F98ABDFC1C9F864B0014E903 /* Release */ = {
			isa = XCBuildConfiguration;
			baseConfigurationReference = 9BE6B885F7E7A6640DF13615 /* Pods-RBSAdmin.release.xcconfig */;
			buildSettings = {
				ASSETCATALOG_COMPILER_APPICON_NAME = AppIcon;
				CODE_SIGN_IDENTITY = "iPhone Developer";
				INFOPLIST_FILE = RBSAdmin/Info.plist;
				IPHONEOS_DEPLOYMENT_TARGET = 8.0;
				LD_RUNPATH_SEARCH_PATHS = "$(inherited) @executable_path/Frameworks";
				PRODUCT_BUNDLE_IDENTIFIER = ntu.zss.RBSAdmin;
				PRODUCT_NAME = "$(TARGET_NAME)";
				TARGETED_DEVICE_FAMILY = 1;
			};
			name = Release;
		};
		F98ABDFE1C9F864B0014E903 /* Debug */ = {
			isa = XCBuildConfiguration;
			buildSettings = {
				BUNDLE_LOADER = "$(TEST_HOST)";
				INFOPLIST_FILE = RBSAdminTests/Info.plist;
				LD_RUNPATH_SEARCH_PATHS = "$(inherited) @executable_path/Frameworks @loader_path/Frameworks";
				PRODUCT_BUNDLE_IDENTIFIER = ntu.zss.RBSAdminTests;
				PRODUCT_NAME = "$(TARGET_NAME)";
				TEST_HOST = "$(BUILT_PRODUCTS_DIR)/RBSAdmin.app/RBSAdmin";
			};
			name = Debug;
		};
		F98ABDFF1C9F864B0014E903 /* Release */ = {
			isa = XCBuildConfiguration;
			buildSettings = {
				BUNDLE_LOADER = "$(TEST_HOST)";
				INFOPLIST_FILE = RBSAdminTests/Info.plist;
				LD_RUNPATH_SEARCH_PATHS = "$(inherited) @executable_path/Frameworks @loader_path/Frameworks";
				PRODUCT_BUNDLE_IDENTIFIER = ntu.zss.RBSAdminTests;
				PRODUCT_NAME = "$(TARGET_NAME)";
				TEST_HOST = "$(BUILT_PRODUCTS_DIR)/RBSAdmin.app/RBSAdmin";
			};
			name = Release;
		};
		F98ABE011C9F864B0014E903 /* Debug */ = {
			isa = XCBuildConfiguration;
			buildSettings = {
				INFOPLIST_FILE = RBSAdminUITests/Info.plist;
				LD_RUNPATH_SEARCH_PATHS = "$(inherited) @executable_path/Frameworks @loader_path/Frameworks";
				PRODUCT_BUNDLE_IDENTIFIER = ntu.zss.RBSAdminUITests;
				PRODUCT_NAME = "$(TARGET_NAME)";
				TEST_TARGET_NAME = RBSAdmin;
				USES_XCTRUNNER = YES;
			};
			name = Debug;
		};
		F98ABE021C9F864B0014E903 /* Release */ = {
			isa = XCBuildConfiguration;
			buildSettings = {
				INFOPLIST_FILE = RBSAdminUITests/Info.plist;
				LD_RUNPATH_SEARCH_PATHS = "$(inherited) @executable_path/Frameworks @loader_path/Frameworks";
				PRODUCT_BUNDLE_IDENTIFIER = ntu.zss.RBSAdminUITests;
				PRODUCT_NAME = "$(TARGET_NAME)";
				TEST_TARGET_NAME = RBSAdmin;
				USES_XCTRUNNER = YES;
			};
			name = Release;
		};
/* End XCBuildConfiguration section */

/* Begin XCConfigurationList section */
		F98ABDC81C9F864A0014E903 /* Build configuration list for PBXProject "RBSAdmin" */ = {
			isa = XCConfigurationList;
			buildConfigurations = (
				F98ABDF81C9F864B0014E903 /* Debug */,
				F98ABDF91C9F864B0014E903 /* Release */,
			);
			defaultConfigurationIsVisible = 0;
			defaultConfigurationName = Release;
		};
		F98ABDFA1C9F864B0014E903 /* Build configuration list for PBXNativeTarget "RBSAdmin" */ = {
			isa = XCConfigurationList;
			buildConfigurations = (
				F98ABDFB1C9F864B0014E903 /* Debug */,
				F98ABDFC1C9F864B0014E903 /* Release */,
			);
			defaultConfigurationIsVisible = 0;
			defaultConfigurationName = Release;
		};
		F98ABDFD1C9F864B0014E903 /* Build configuration list for PBXNativeTarget "RBSAdminTests" */ = {
			isa = XCConfigurationList;
			buildConfigurations = (
				F98ABDFE1C9F864B0014E903 /* Debug */,
				F98ABDFF1C9F864B0014E903 /* Release */,
			);
			defaultConfigurationIsVisible = 0;
			defaultConfigurationName = Release;
		};
		F98ABE001C9F864B0014E903 /* Build configuration list for PBXNativeTarget "RBSAdminUITests" */ = {
			isa = XCConfigurationList;
			buildConfigurations = (
				F98ABE011C9F864B0014E903 /* Debug */,
				F98ABE021C9F864B0014E903 /* Release */,
			);
			defaultConfigurationIsVisible = 0;
			defaultConfigurationName = Release;
		};
/* End XCConfigurationList section */
	};
	rootObject = F98ABDC51C9F864A0014E903 /* Project object */;
}
